{
  "name": "day3",
  "version": "0.1.0",
  "lockfileVersion": 1,
  "requires": true,
  "dependencies": {
    "@fortawesome/fontawesome-free": {
      "version": "5.12.1",
      "resolved": "https://registry.npmjs.org/@fortawesome/fontawesome-free/-/fontawesome-free-5.12.1.tgz",
      "integrity": "sha512-ZtjIIFplxncqxvogq148C3hBLQE+W3iJ8E4UvJ09zIJUgzwLcROsWwFDErVSXY2Plzao5J9KUYNHKHMEUYDMKw=="
    },
    "normalize.css": {
      "version": "8.0.1",
      "resolved": "https://registry.npmjs.org/normalize.css/-/normalize.css-8.0.1.tgz",
      "integrity": "sha512-qizSNPO93t1YUuUhP22btGOo3chcvDFqFaj2TRybP0DMxkHOCTYwp3n34fel4a31ORXy4m1Xq0Gyqpb5m33qIg=="
    },
    "shabnam-font": {
      "version": "5.0.0",
      "resolved": "https://registry.npmjs.org/shabnam-font/-/shabnam-font-5.0.0.tgz",
      "integrity": "sha512-ngRcvlyoq7Ka42uXmy+YjKQBaspOZSRBvGbN6mKeBM2oBj7DgdAWVvxHetvZPyxHS4fsD91Wap5uccg1MwquCQ=="
    }
  }
}
